
Microsoft Visual Studio Solution File, Format Version 12.00
# Visual Studio Version 17
VisualStudioVersion = 17.7.34202.233
MinimumVisualStudioVersion = 10.0.40219.1
Project("{FAE04EC0-301F-11D3-BF4B-00C04F79EFBC}") = "ResturantTaskSDk", "ResturantTaskSDk\ResturantTaskSDk.csproj", "{BCFDD4E3-B5F8-44F5-8A1D-E8D9693283AA}"
EndProject
Global
	GlobalSection(SolutionConfigurationPlatforms) = preSolution
		Debug|Any CPU = Debug|Any CPU
		Release|Any CPU = Release|Any CPU
	EndGlobalSection
	GlobalSection(ProjectConfigurationPlatforms) = postSolution
		{BCFDD4E3-B5F8-44F5-8A1D-E8D9693283AA}.Debug|Any CPU.ActiveCfg = Debug|Any CPU
		{BCFDD4E3-B5F8-44F5-8A1D-E8D9693283AA}.Debug|Any CPU.Build.0 = Debug|Any CPU
		{BCFDD4E3-B5F8-44F5-8A1D-E8D9693283AA}.Release|Any CPU.ActiveCfg = Release|Any CPU
		{BCFDD4E3-B5F8-44F5-8A1D-E8D9693283AA}.Release|Any CPU.Build.0 = Release|Any CPU
	EndGlobalSection
	GlobalSection(SolutionProperties) = preSolution
		HideSolutionNode = FALSE
	EndGlobalSection
	GlobalSection(ExtensibilityGlobals) = postSolution
		SolutionGuid = {E34E3EB5-D372-4A0D-A298-6A9948E0F960}
	EndGlobalSection
EndGlobal
